
Microsoft Visual Studio Solution File, Format Version 12.00
# Visual Studio Version 17
VisualStudioVersion = 17.5.002.0
MinimumVisualStudioVersion = 10.0.40219.1
Project("{9A19103F-16F7-4668-BE54-9A1E7A4F7556}") = "NewApp", "NewApp.csproj", "{98CF017B-D57E-4228-B7AF-8E707C11CC6C}"
EndProject
Global
	GlobalSection(SolutionConfigurationPlatforms) = preSolution
		Debug|Any CPU = Debug|Any CPU
		Release|Any CPU = Release|Any CPU
	EndGlobalSection
	GlobalSection(ProjectConfigurationPlatforms) = postSolution
		{98CF017B-D57E-4228-B7AF-8E707C11CC6C}.Debug|Any CPU.ActiveCfg = Debug|Any CPU
		{98CF017B-D57E-4228-B7AF-8E707C11CC6C}.Debug|Any CPU.Build.0 = Debug|Any CPU
		{98CF017B-D57E-4228-B7AF-8E707C11CC6C}.Release|Any CPU.ActiveCfg = Release|Any CPU
		{98CF017B-D57E-4228-B7AF-8E707C11CC6C}.Release|Any CPU.Build.0 = Release|Any CPU
	EndGlobalSection
	GlobalSection(SolutionProperties) = preSolution
		HideSolutionNode = FALSE
	EndGlobalSection
	GlobalSection(ExtensibilityGlobals) = postSolution
		SolutionGuid = {7D4A3946-4546-42CA-96A3-C8482E16DD98}
	EndGlobalSection
EndGlobal
